// !$*UTF8*$!
{
	archiveVersion = 1;
	classes = {
	};
	objectVersion = 46;
	objects = {

/* Begin PBXBuildFile section */
		2E9014FF1F0AE3A800AAF3F8 /* AppDelegate.swift in Sources */ = {isa = PBXBuildFile; fileRef = 2E9014FE1F0AE3A800AAF3F8 /* AppDelegate.swift */; };
		2E9015011F0AE3A800AAF3F8 /* ViewController.swift in Sources */ = {isa = PBXBuildFile; fileRef = 2E9015001F0AE3A800AAF3F8 /* ViewController.swift */; };
		2E9015041F0AE3A800AAF3F8 /* Main.storyboard in Resources */ = {isa = PBXBuildFile; fileRef = 2E9015021F0AE3A800AAF3F8 /* Main.storyboard */; };
		2E9015061F0AE3A800AAF3F8 /* Assets.xcassets in Resources */ = {isa = PBXBuildFile; fileRef = 2E9015051F0AE3A800AAF3F8 /* Assets.xcassets */; };
		2E9015091F0AE3A800AAF3F8 /* LaunchScreen.storyboard in Resources */ = {isa = PBXBuildFile; fileRef = 2E9015071F0AE3A800AAF3F8 /* LaunchScreen.storyboard */; };
		2E9015141F0AE3A800AAF3F8 /* TwitterTests.swift in Sources */ = {isa = PBXBuildFile; fileRef = 2E9015131F0AE3A800AAF3F8 /* TwitterTests.swift */; };
		2E90151F1F0AE3A800AAF3F8 /* TwitterUITests.swift in Sources */ = {isa = PBXBuildFile; fileRef = 2E90151E1F0AE3A800AAF3F8 /* TwitterUITests.swift */; };
/* End PBXBuildFile section */

/* Begin PBXContainerItemProxy section */
		2E9015101F0AE3A800AAF3F8 /* PBXContainerItemProxy */ = {
			isa = PBXContainerItemProxy;
			containerPortal = 2E9014F31F0AE3A800AAF3F8 /* Project object */;
			proxyType = 1;
			remoteGlobalIDString = 2E9014FA1F0AE3A800AAF3F8;
			remoteInfo = Twitter;
		};
		2E90151B1F0AE3A800AAF3F8 /* PBXContainerItemProxy */ = {
			isa = PBXContainerItemProxy;
			containerPortal = 2E9014F31F0AE3A800AAF3F8 /* Project object */;
			proxyType = 1;
			remoteGlobalIDString = 2E9014FA1F0AE3A800AAF3F8;
			remoteInfo = Twitter;
		};
/* End PBXContainerItemProxy section */

/* Begin PBXFileReference section */
		2E9014FB1F0AE3A800AAF3F8 /* Twitter.app */ = {isa = PBXFileReference; explicitFileType = wrapper.application; includeInIndex = 0; path = Twitter.app; sourceTree = BUILT_PRODUCTS_DIR; };
		2E9014FE1F0AE3A800AAF3F8 /* AppDelegate.swift */ = {isa = PBXFileReference; lastKnownFileType = sourcecode.swift; path = AppDelegate.swift; sourceTree = "<group>"; };
		2E9015001F0AE3A800AAF3F8 /* ViewController.swift */ = {isa = PBXFileReference; lastKnownFileType = sourcecode.swift; path = ViewController.swift; sourceTree = "<group>"; };
		2E9015031F0AE3A800AAF3F8 /* Base */ = {isa = PBXFileReference; lastKnownFileType = file.storyboard; name = Base; path = Base.lproj/Main.storyboard; sourceTree = "<group>"; };
		2E9015051F0AE3A800AAF3F8 /* Assets.xcassets */ = {isa = PBXFileReference; lastKnownFileType = folder.assetcatalog; path = Assets.xcassets; sourceTree = "<group>"; };
		2E9015081F0AE3A800AAF3F8 /* Base */ = {isa = PBXFileReference; lastKnownFileType = file.storyboard; name = Base; path = Base.lproj/LaunchScreen.storyboard; sourceTree = "<group>"; };
		2E90150A1F0AE3A800AAF3F8 /* Info.plist */ = {isa = PBXFileReference; lastKnownFileType = text.plist.xml; path = Info.plist; sourceTree = "<group>"; };
		2E90150F1F0AE3A800AAF3F8 /* TwitterTests.xctest */ = {isa = PBXFileReference; explicitFileType = wrapper.cfbundle; includeInIndex = 0; path = TwitterTests.xctest; sourceTree = BUILT_PRODUCTS_DIR; };
		2E9015131F0AE3A800AAF3F8 /* TwitterTests.swift */ = {isa = PBXFileReference; lastKnownFileType = sourcecode.swift; path = TwitterTests.swift; sourceTree = "<group>"; };
		2E9015151F0AE3A800AAF3F8 /* Info.plist */ = {isa = PBXFileReference; lastKnownFileType = text.plist.xml; path = Info.plist; sourceTree = "<group>"; };
		2E90151A1F0AE3A800AAF3F8 /* TwitterUITests.xctest */ = {isa = PBXFileReference; explicitFileType = wrapper.cfbundle; includeInIndex = 0; path = TwitterUITests.xctest; sourceTree = BUILT_PRODUCTS_DIR; };
		2E90151E1F0AE3A800AAF3F8 /* TwitterUITests.swift */ = {isa = PBXFileReference; lastKnownFileType = sourcecode.swift; path = TwitterUITests.swift; sourceTree = "<group>"; };
		2E9015201F0AE3A800AAF3F8 /* Info.plist */ = {isa = PBXFileReference; lastKnownFileType = text.plist.xml; path = Info.plist; sourceTree = "<group>"; };
/* End PBXFileReference section */

/* Begin PBXFrameworksBuildPhase section */
		2E9014F81F0AE3A800AAF3F8 /* Frameworks */ = {
			isa = PBXFrameworksBuildPhase;
			buildActionMask = 2147483647;
			files = (
			);
			runOnlyForDeploymentPostprocessing = 0;
		};
		2E90150C1F0AE3A800AAF3F8 /* Frameworks */ = {
			isa = PBXFrameworksBuildPhase;
			buildActionMask = 2147483647;
			files = (
			);
			runOnlyForDeploymentPostprocessing = 0;
		};
		2E9015171F0AE3A800AAF3F8 /* Frameworks */ = {
			isa = PBXFrameworksBuildPhase;
			buildActionMask = 2147483647;
			files = (
			);
			runOnlyForDeploymentPostprocessing = 0;
		};
/* End PBXFrameworksBuildPhase section */

/* Begin PBXGroup section */
		2E9014F21F0AE3A800AAF3F8 = {
			isa = PBXGroup;
			children = (
				2E9014FD1F0AE3A800AAF3F8 /* Twitter */,
				2E9015121F0AE3A800AAF3F8 /* TwitterTests */,
				2E90151D1F0AE3A800AAF3F8 /* TwitterUITests */,
				2E9014FC1F0AE3A800AAF3F8 /* Products */,
			);
			sourceTree = "<group>";
		};
		2E9014FC1F0AE3A800AAF3F8 /* Products */ = {
			isa = PBXGroup;
			children = (
				2E9014FB1F0AE3A800AAF3F8 /* Twitter.app */,
				2E90150F1F0AE3A800AAF3F8 /* TwitterTests.xctest */,
				2E90151A1F0AE3A800AAF3F8 /* TwitterUITests.xctest */,
			);
			name = Products;
			sourceTree = "<group>";
		};
		2E9014FD1F0AE3A800AAF3F8 /* Twitter */ = {
			isa = PBXGroup;
			children = (
				2E9014FE1F0AE3A800AAF3F8 /* AppDelegate.swift */,
				2E9015001F0AE3A800AAF3F8 /* ViewController.swift */,
				2E9015021F0AE3A800AAF3F8 /* Main.storyboard */,
				2E9015051F0AE3A800AAF3F8 /* Assets.xcassets */,
				2E9015071F0AE3A800AAF3F8 /* LaunchScreen.storyboard */,
				2E90150A1F0AE3A800AAF3F8 /* Info.plist */,
			);
			path = Twitter;
			sourceTree = "<group>";
		};
		2E9015121F0AE3A800AAF3F8 /* TwitterTests */ = {
			isa = PBXGroup;
			children = (
				2E9015131F0AE3A800AAF3F8 /* TwitterTests.swift */,
				2E9015151F0AE3A800AAF3F8 /* Info.plist */,
			);
			path = TwitterTests;
			sourceTree = "<group>";
		};
		2E90151D1F0AE3A800AAF3F8 /* TwitterUITests */ = {
			isa = PBXGroup;
			children = (
				2E90151E1F0AE3A800AAF3F8 /* TwitterUITests.swift */,
				2E9015201F0AE3A800AAF3F8 /* Info.plist */,
			);
			path = TwitterUITests;
			sourceTree = "<group>";
		};
/* End PBXGroup section */

/* Begin PBXNativeTarget section */
		2E9014FA1F0AE3A800AAF3F8 /* Twitter */ = {
			isa = PBXNativeTarget;
			buildConfigurationList = 2E9015231F0AE3A800AAF3F8 /* Build configuration list for PBXNativeTarget "Twitter" */;
			buildPhases = (
				2E9014F71F0AE3A800AAF3F8 /* Sources */,
				2E9014F81F0AE3A800AAF3F8 /* Frameworks */,
				2E9014F91F0AE3A800AAF3F8 /* Resources */,
			);
			buildRules = (
			);
			dependencies = (
			);
			name = Twitter;
			productName = Twitter;
			productReference = 2E9014FB1F0AE3A800AAF3F8 /* Twitter.app */;
			productType = "com.apple.product-type.application";
		};
		2E90150E1F0AE3A800AAF3F8 /* TwitterTests */ = {
			isa = PBXNativeTarget;
			buildConfigurationList = 2E9015261F0AE3A800AAF3F8 /* Build configuration list for PBXNativeTarget "TwitterTests" */;
			buildPhases = (
				2E90150B1F0AE3A800AAF3F8 /* Sources */,
				2E90150C1F0AE3A800AAF3F8 /* Frameworks */,
				2E90150D1F0AE3A800AAF3F8 /* Resources */,
			);
			buildRules = (
			);
			dependencies = (
				2E9015111F0AE3A800AAF3F8 /* PBXTargetDependency */,
			);
			name = TwitterTests;
			productName = TwitterTests;
			productReference = 2E90150F1F0AE3A800AAF3F8 /* TwitterTests.xctest */;
			productType = "com.apple.product-type.bundle.unit-test";
		};
		2E9015191F0AE3A800AAF3F8 /* TwitterUITests */ = {
			isa = PBXNativeTarget;
			buildConfigurationList = 2E9015291F0AE3A800AAF3F8 /* Build configuration list for PBXNativeTarget "TwitterUITests" */;
			buildPhases = (
				2E9015161F0AE3A800AAF3F8 /* Sources */,
				2E9015171F0AE3A800AAF3F8 /* Frameworks */,
				2E9015181F0AE3A800AAF3F8 /* Resources */,
			);
			buildRules = (
			);
			dependencies = (
				2E90151C1F0AE3A800AAF3F8 /* PBXTargetDependency */,
			);
			name = TwitterUITests;
			productName = TwitterUITests;
			productReference = 2E90151A1F0AE3A800AAF3F8 /* TwitterUITests.xctest */;
			productType = "com.apple.product-type.bundle.ui-testing";
		};
/* End PBXNativeTarget section */

/* Begin PBXProject section */
		2E9014F31F0AE3A800AAF3F8 /* Project object */ = {
			isa = PBXProject;
			attributes = {
				LastSwiftUpdateCheck = 0830;
				LastUpgradeCheck = 0830;
				ORGANIZATIONNAME = "Shao Yie Soh";
				TargetAttributes = {
					2E9014FA1F0AE3A800AAF3F8 = {
						CreatedOnToolsVersion = 8.3.2;
						ProvisioningStyle = Automatic;
					};
					2E90150E1F0AE3A800AAF3F8 = {
						CreatedOnToolsVersion = 8.3.2;
						ProvisioningStyle = Automatic;
						TestTargetID = 2E9014FA1F0AE3A800AAF3F8;
					};
					2E9015191F0AE3A800AAF3F8 = {
						CreatedOnToolsVersion = 8.3.2;
						ProvisioningStyle = Automatic;
						TestTargetID = 2E9014FA1F0AE3A800AAF3F8;
					};
				};
			};
			buildConfigurationList = 2E9014F61F0AE3A800AAF3F8 /* Build configuration list for PBXProject "Twitter" */;
			compatibilityVersion = "Xcode 3.2";
			developmentRegion = English;
			hasScannedForEncodings = 0;
			knownRegions = (
				en,
				Base,
			);
			mainGroup = 2E9014F21F0AE3A800AAF3F8;
			productRefGroup = 2E9014FC1F0AE3A800AAF3F8 /* Products */;
			projectDirPath = "";
			projectRoot = "";
			targets = (
				2E9014FA1F0AE3A800AAF3F8 /* Twitter */,
				2E90150E1F0AE3A800AAF3F8 /* TwitterTests */,
				2E9015191F0AE3A800AAF3F8 /* TwitterUITests */,
			);
		};
/* End PBXProject section */

/* Begin PBXResourcesBuildPhase section */
		2E9014F91F0AE3A800AAF3F8 /* Resources */ = {
			isa = PBXResourcesBuildPhase;
			buildActionMask = 2147483647;
			files = (
				2E9015091F0AE3A800AAF3F8 /* LaunchScreen.storyboard in Resources */,
				2E9015061F0AE3A800AAF3F8 /* Assets.xcassets in Resources */,
				2E9015041F0AE3A800AAF3F8 /* Main.storyboard in Resources */,
			);
			runOnlyForDeploymentPostprocessing = 0;
		};
		2E90150D1F0AE3A800AAF3F8 /* Resources */ = {
			isa = PBXResourcesBuildPhase;
			buildActionMask = 2147483647;
			files = (
			);
			runOnlyForDeploymentPostprocessing = 0;
		};
		2E9015181F0AE3A800AAF3F8 /* Resources */ = {
			isa = PBXResourcesBuildPhase;
			buildActionMask = 2147483647;
			files = (
			);
			runOnlyForDeploymentPostprocessing = 0;
		};
/* End PBXResourcesBuildPhase section */

/* Begin PBXSourcesBuildPhase section */
		2E9014F71F0AE3A800AAF3F8 /* Sources */ = {
			isa = PBXSourcesBuildPhase;
			buildActionMask = 2147483647;
			files = (
				2E9015011F0AE3A800AAF3F8 /* ViewController.swift in Sources */,
				2E9014FF1F0AE3A800AAF3F8 /* AppDelegate.swift in Sources */,
			);
			runOnlyForDeploymentPostprocessing = 0;
		};
		2E90150B1F0AE3A800AAF3F8 /* Sources */ = {
			isa = PBXSourcesBuildPhase;
			buildActionMask = 2147483647;
			files = (
				2E9015141F0AE3A800AAF3F8 /* TwitterTests.swift in Sources */,
			);
			runOnlyForDeploymentPostprocessing = 0;
		};
		2E9015161F0AE3A800AAF3F8 /* Sources */ = {
			isa = PBXSourcesBuildPhase;
			buildActionMask = 2147483647;
			files = (
				2E90151F1F0AE3A800AAF3F8 /* TwitterUITests.swift in Sources */,
			);
			runOnlyForDeploymentPostprocessing = 0;
		};
/* End PBXSourcesBuildPhase section */

/* Begin PBXTargetDependency section */
		2E9015111F0AE3A800AAF3F8 /* PBXTargetDependency */ = {
			isa = PBXTargetDependency;
			target = 2E9014FA1F0AE3A800AAF3F8 /* Twitter */;
			targetProxy = 2E9015101F0AE3A800AAF3F8 /* PBXContainerItemProxy */;
		};
		2E90151C1F0AE3A800AAF3F8 /* PBXTargetDependency */ = {
			isa = PBXTargetDependency;
			target = 2E9014FA1F0AE3A800AAF3F8 /* Twitter */;
			targetProxy = 2E90151B1F0AE3A800AAF3F8 /* PBXContainerItemProxy */;
		};
/* End PBXTargetDependency section */

/* Begin PBXVariantGroup section */
		2E9015021F0AE3A800AAF3F8 /* Main.storyboard */ = {
			isa = PBXVariantGroup;
			children = (
				2E9015031F0AE3A800AAF3F8 /* Base */,
			);
			name = Main.storyboard;
			sourceTree = "<group>";
		};
		2E9015071F0AE3A800AAF3F8 /* LaunchScreen.storyboard */ = {
			isa = PBXVariantGroup;
			children = (
				2E9015081F0AE3A800AAF3F8 /* Base */,
			);
			name = LaunchScreen.storyboard;
			sourceTree = "<group>";
		};
/* End PBXVariantGroup section */

/* Begin XCBuildConfiguration section */
		2E9015211F0AE3A800AAF3F8 /* Debug */ = {
			isa = XCBuildConfiguration;
			buildSettings = {
				ALWAYS_SEARCH_USER_PATHS = NO;
				CLANG_ANALYZER_NONNULL = YES;
				CLANG_ANALYZER_NUMBER_OBJECT_CONVERSION = YES_AGGRESSIVE;
				CLANG_CXX_LANGUAGE_STANDARD = "gnu++0x";
				CLANG_CXX_LIBRARY = "libc++";
				CLANG_ENABLE_MODULES = YES;
				CLANG_ENABLE_OBJC_ARC = YES;
				CLANG_WARN_BOOL_CONVERSION = YES;
				CLANG_WARN_CONSTANT_CONVERSION = YES;
				CLANG_WARN_DIRECT_OBJC_ISA_USAGE = YES_ERROR;
				CLANG_WARN_DOCUMENTATION_COMMENTS = YES;
				CLANG_WARN_EMPTY_BODY = YES;
				CLANG_WARN_ENUM_CONVERSION = YES;
				CLANG_WARN_INFINITE_RECURSION = YES;
				CLANG_WARN_INT_CONVERSION = YES;
				CLANG_WARN_OBJC_ROOT_CLASS = YES_ERROR;
				CLANG_WARN_SUSPICIOUS_MOVE = YES;
				CLANG_WARN_UNREACHABLE_CODE = YES;
				CLANG_WARN__DUPLICATE_METHOD_MATCH = YES;
				"CODE_SIGN_IDENTITY[sdk=iphoneos*]" = "iPhone Developer";
				COPY_PHASE_STRIP = NO;
				DEBUG_INFORMATION_FORMAT = dwarf;
				ENABLE_STRICT_OBJC_MSGSEND = YES;
				ENABLE_TESTABILITY = YES;
				GCC_C_LANGUAGE_STANDARD = gnu99;
				GCC_DYNAMIC_NO_PIC = NO;
				GCC_NO_COMMON_BLOCKS = YES;
				GCC_OPTIMIZATION_LEVEL = 0;
				GCC_PREPROCESSOR_DEFINITIONS = (
					"DEBUG=1",
					"$(inherited)",
				);
				GCC_WARN_64_TO_32_BIT_CONVERSION = YES;
				GCC_WARN_ABOUT_RETURN_TYPE = YES_ERROR;
				GCC_WARN_UNDECLARED_SELECTOR = YES;
				GCC_WARN_UNINITIALIZED_AUTOS = YES_AGGRESSIVE;
				GCC_WARN_UNUSED_FUNCTION = YES;
				GCC_WARN_UNUSED_VARIABLE = YES;
				IPHONEOS_DEPLOYMENT_TARGET = 10.3;
				MTL_ENABLE_DEBUG_INFO = YES;
				ONLY_ACTIVE_ARCH = YES;
				SDKROOT = iphoneos;
				SWIFT_ACTIVE_COMPILATION_CONDITIONS = DEBUG;
				SWIFT_OPTIMIZATION_LEVEL = "-Onone";
				TARGETED_DEVICE_FAMILY = "1,2";
			};
			name = Debug;
		};
		2E9015221F0AE3A800AAF3F8 /* Release */ = {
			isa = XCBuildConfiguration;
			buildSettings = {
				ALWAYS_SEARCH_USER_PATHS = NO;
				CLANG_ANALYZER_NONNULL = YES;
				CLANG_ANALYZER_NUMBER_OBJECT_CONVERSION = YES_AGGRESSIVE;
				CLANG_CXX_LANGUAGE_STANDARD = "gnu++0x";
				CLANG_CXX_LIBRARY = "libc++";
				CLANG_ENABLE_MODULES = YES;
				CLANG_ENABLE_OBJC_ARC = YES;
				CLANG_WARN_BOOL_CONVERSION = YES;
				CLANG_WARN_CONSTANT_CONVERSION = YES;
				CLANG_WARN_DIRECT_OBJC_ISA_USAGE = YES_ERROR;
				CLANG_WARN_DOCUMENTATION_COMMENTS = YES;
				CLANG_WARN_EMPTY_BODY = YES;
				CLANG_WARN_ENUM_CONVERSION = YES;
				CLANG_WARN_INFINITE_RECURSION = YES;
				CLANG_WARN_INT_CONVERSION = YES;
				CLANG_WARN_OBJC_ROOT_CLASS = YES_ERROR;
				CLANG_WARN_SUSPICIOUS_MOVE = YES;
				CLANG_WARN_UNREACHABLE_CODE = YES;
				CLANG_WARN__DUPLICATE_METHOD_MATCH = YES;
				"CODE_SIGN_IDENTITY[sdk=iphoneos*]" = "iPhone Developer";
				COPY_PHASE_STRIP = NO;
				DEBUG_INFORMATION_FORMAT = "dwarf-with-dsym";
				ENABLE_NS_ASSERTIONS = NO;
				ENABLE_STRICT_OBJC_MSGSEND = YES;
				GCC_C_LANGUAGE_STANDARD = gnu99;
				GCC_NO_COMMON_BLOCKS = YES;
				GCC_WARN_64_TO_32_BIT_CONVERSION = YES;
				GCC_WARN_ABOUT_RETURN_TYPE = YES_ERROR;
				GCC_WARN_UNDECLARED_SELECTOR = YES;
				GCC_WARN_UNINITIALIZED_AUTOS = YES_AGGRESSIVE;
				GCC_WARN_UNUSED_FUNCTION = YES;
				GCC_WARN_UNUSED_VARIABLE = YES;
				IPHONEOS_DEPLOYMENT_TARGET = 10.3;
				MTL_ENABLE_DEBUG_INFO = NO;
				SDKROOT = iphoneos;
				SWIFT_OPTIMIZATION_LEVEL = "-Owholemodule";
				TARGETED_DEVICE_FAMILY = "1,2";
				VALIDATE_PRODUCT = YES;
			};
			name = Release;
		};
		2E9015241F0AE3A800AAF3F8 /* Debug */ = {
			isa = XCBuildConfiguration;
			buildSettings = {
				ASSETCATALOG_COMPILER_APPICON_NAME = AppIcon;
				INFOPLIST_FILE = Twitter/Info.plist;
				LD_RUNPATH_SEARCH_PATHS = "$(inherited) @executable_path/Frameworks";
				PRODUCT_BUNDLE_IDENTIFIER = com.fb.Twitter;
				PRODUCT_NAME = "$(TARGET_NAME)";
				SWIFT_VERSION = 3.0;
			};
			name = Debug;
		};
		2E9015251F0AE3A800AAF3F8 /* Release */ = {
			isa = XCBuildConfiguration;
			buildSettings = {
				ASSETCATALOG_COMPILER_APPICON_NAME = AppIcon;
				INFOPLIST_FILE = Twitter/Info.plist;
				LD_RUNPATH_SEARCH_PATHS = "$(inherited) @executable_path/Frameworks";
				PRODUCT_BUNDLE_IDENTIFIER = com.fb.Twitter;
				PRODUCT_NAME = "$(TARGET_NAME)";
				SWIFT_VERSION = 3.0;
			};
			name = Release;
		};
		2E9015271F0AE3A800AAF3F8 /* Debug */ = {
			isa = XCBuildConfiguration;
			buildSettings = {
				ALWAYS_EMBED_SWIFT_STANDARD_LIBRARIES = YES;
				BUNDLE_LOADER = "$(TEST_HOST)";
				INFOPLIST_FILE = TwitterTests/Info.plist;
				LD_RUNPATH_SEARCH_PATHS = "$(inherited) @executable_path/Frameworks @loader_path/Frameworks";
				PRODUCT_BUNDLE_IDENTIFIER = com.fb.TwitterTests;
				PRODUCT_NAME = "$(TARGET_NAME)";
				SWIFT_VERSION = 3.0;
				TEST_HOST = "$(BUILT_PRODUCTS_DIR)/Twitter.app/Twitter";
			};
			name = Debug;
		};
		2E9015281F0AE3A800AAF3F8 /* Release */ = {
			isa = XCBuildConfiguration;
			buildSettings = {
				ALWAYS_EMBED_SWIFT_STANDARD_LIBRARIES = YES;
				BUNDLE_LOADER = "$(TEST_HOST)";
				INFOPLIST_FILE = TwitterTests/Info.plist;
				LD_RUNPATH_SEARCH_PATHS = "$(inherited) @executable_path/Frameworks @loader_path/Frameworks";
				PRODUCT_BUNDLE_IDENTIFIER = com.fb.TwitterTests;
				PRODUCT_NAME = "$(TARGET_NAME)";
				SWIFT_VERSION = 3.0;
				TEST_HOST = "$(BUILT_PRODUCTS_DIR)/Twitter.app/Twitter";
			};
			name = Release;
		};
		2E90152A1F0AE3A800AAF3F8 /* Debug */ = {
			isa = XCBuildConfiguration;
			buildSettings = {
				ALWAYS_EMBED_SWIFT_STANDARD_LIBRARIES = YES;
				INFOPLIST_FILE = TwitterUITests/Info.plist;
				LD_RUNPATH_SEARCH_PATHS = "$(inherited) @executable_path/Frameworks @loader_path/Frameworks";
				PRODUCT_BUNDLE_IDENTIFIER = com.fb.TwitterUITests;
				PRODUCT_NAME = "$(TARGET_NAME)";
				SWIFT_VERSION = 3.0;
				TEST_TARGET_NAME = Twitter;
			};
			name = Debug;
		};
		2E90152B1F0AE3A800AAF3F8 /* Release */ = {
			isa = XCBuildConfiguration;
			buildSettings = {
				ALWAYS_EMBED_SWIFT_STANDARD_LIBRARIES = YES;
				INFOPLIST_FILE = TwitterUITests/Info.plist;
				LD_RUNPATH_SEARCH_PATHS = "$(inherited) @executable_path/Frameworks @loader_path/Frameworks";
				PRODUCT_BUNDLE_IDENTIFIER = com.fb.TwitterUITests;
				PRODUCT_NAME = "$(TARGET_NAME)";
				SWIFT_VERSION = 3.0;
				TEST_TARGET_NAME = Twitter;
			};
			name = Release;
		};
/* End XCBuildConfiguration section */

/* Begin XCConfigurationList section */
		2E9014F61F0AE3A800AAF3F8 /* Build configuration list for PBXProject "Twitter" */ = {
			isa = XCConfigurationList;
			buildConfigurations = (
				2E9015211F0AE3A800AAF3F8 /* Debug */,
				2E9015221F0AE3A800AAF3F8 /* Release */,
			);
			defaultConfigurationIsVisible = 0;
			defaultConfigurationName = Release;
		};
		2E9015231F0AE3A800AAF3F8 /* Build configuration list for PBXNativeTarget "Twitter" */ = {
			isa = XCConfigurationList;
			buildConfigurations = (
				2E9015241F0AE3A800AAF3F8 /* Debug */,
				2E9015251F0AE3A800AAF3F8 /* Release */,
			);
			defaultConfigurationIsVisible = 0;
		};
		2E9015261F0AE3A800AAF3F8 /* Build configuration list for PBXNativeTarget "TwitterTests" */ = {
			isa = XCConfigurationList;
			buildConfigurations = (
				2E9015271F0AE3A800AAF3F8 /* Debug */,
				2E9015281F0AE3A800AAF3F8 /* Release */,
			);
			defaultConfigurationIsVisible = 0;
		};
		2E9015291F0AE3A800AAF3F8 /* Build configuration list for PBXNativeTarget "TwitterUITests" */ = {
			isa = XCConfigurationList;
			buildConfigurations = (
				2E90152A1F0AE3A800AAF3F8 /* Debug */,
				2E90152B1F0AE3A800AAF3F8 /* Release */,
			);
			defaultConfigurationIsVisible = 0;
		};
/* End XCConfigurationList section */
	};
	rootObject = 2E9014F31F0AE3A800AAF3F8 /* Project object */;
}
